
Microsoft Visual Studio Solution File, Format Version 12.00
# Visual Studio 15
VisualStudioVersion = 15.0.28010.2019
MinimumVisualStudioVersion = 10.0.40219.1
Project("{8BC9CEB8-8B4A-11D0-8D11-00A0C91BC942}") = "015.001_S49_P1_StringReverse", "015.001_S49_P1_StringReverse\015.001_S49_P1_StringReverse.vcxproj", "{B61D434B-436F-4E4E-B7A1-F87A18C10BFA}"
EndProject
Global
	GlobalSection(SolutionConfigurationPlatforms) = preSolution
		Debug|x64 = Debug|x64
		Debug|x86 = Debug|x86
		Release|x64 = Release|x64
		Release|x86 = Release|x86
	EndGlobalSection
	GlobalSection(ProjectConfigurationPlatforms) = postSolution
		{B61D434B-436F-4E4E-B7A1-F87A18C10BFA}.Debug|x64.ActiveCfg = Debug|x64
		{B61D434B-436F-4E4E-B7A1-F87A18C10BFA}.Debug|x64.Build.0 = Debug|x64
		{B61D434B-436F-4E4E-B7A1-F87A18C10BFA}.Debug|x86.ActiveCfg = Debug|Win32
		{B61D434B-436F-4E4E-B7A1-F87A18C10BFA}.Debug|x86.Build.0 = Debug|Win32
		{B61D434B-436F-4E4E-B7A1-F87A18C10BFA}.Release|x64.ActiveCfg = Release|x64
		{B61D434B-436F-4E4E-B7A1-F87A18C10BFA}.Release|x64.Build.0 = Release|x64
		{B61D434B-436F-4E4E-B7A1-F87A18C10BFA}.Release|x86.ActiveCfg = Release|Win32
		{B61D434B-436F-4E4E-B7A1-F87A18C10BFA}.Release|x86.Build.0 = Release|Win32
	EndGlobalSection
	GlobalSection(SolutionProperties) = preSolution
		HideSolutionNode = FALSE
	EndGlobalSection
	GlobalSection(ExtensibilityGlobals) = postSolution
		SolutionGuid = {665340E8-1D40-40C5-AB3B-C20845B838B8}
	EndGlobalSection
EndGlobal
