
Microsoft Visual Studio Solution File, Format Version 12.00
# Visual Studio 15
VisualStudioVersion = 15.0.28010.2019
MinimumVisualStudioVersion = 10.0.40219.1
Project("{8BC9CEB8-8B4A-11D0-8D11-00A0C91BC942}") = "taschenrechner", "taschenrechner\taschenrechner.vcxproj", "{DDA35279-EA0D-4B45-BB1A-92FCC9EB32F1}"
EndProject
Project("{8BC9CEB8-8B4A-11D0-8D11-00A0C91BC942}") = "stringausgabe_s49", "stringausgabe_s49\stringausgabe_s49.vcxproj", "{39280E7B-C35D-4E43-A16A-108B7A3A82D8}"
EndProject
Project("{8BC9CEB8-8B4A-11D0-8D11-00A0C91BC942}") = "stringvergleich", "stringvergleich\stringvergleich.vcxproj", "{E169BC05-318F-4AEA-9418-E1108A82A835}"
EndProject
Global
	GlobalSection(SolutionConfigurationPlatforms) = preSolution
		Debug|x64 = Debug|x64
		Debug|x86 = Debug|x86
		Release|x64 = Release|x64
		Release|x86 = Release|x86
	EndGlobalSection
	GlobalSection(ProjectConfigurationPlatforms) = postSolution
		{DDA35279-EA0D-4B45-BB1A-92FCC9EB32F1}.Debug|x64.ActiveCfg = Debug|x64
		{DDA35279-EA0D-4B45-BB1A-92FCC9EB32F1}.Debug|x64.Build.0 = Debug|x64
		{DDA35279-EA0D-4B45-BB1A-92FCC9EB32F1}.Debug|x86.ActiveCfg = Debug|Win32
		{DDA35279-EA0D-4B45-BB1A-92FCC9EB32F1}.Debug|x86.Build.0 = Debug|Win32
		{DDA35279-EA0D-4B45-BB1A-92FCC9EB32F1}.Release|x64.ActiveCfg = Release|x64
		{DDA35279-EA0D-4B45-BB1A-92FCC9EB32F1}.Release|x64.Build.0 = Release|x64
		{DDA35279-EA0D-4B45-BB1A-92FCC9EB32F1}.Release|x86.ActiveCfg = Release|Win32
		{DDA35279-EA0D-4B45-BB1A-92FCC9EB32F1}.Release|x86.Build.0 = Release|Win32
		{39280E7B-C35D-4E43-A16A-108B7A3A82D8}.Debug|x64.ActiveCfg = Debug|x64
		{39280E7B-C35D-4E43-A16A-108B7A3A82D8}.Debug|x64.Build.0 = Debug|x64
		{39280E7B-C35D-4E43-A16A-108B7A3A82D8}.Debug|x86.ActiveCfg = Debug|Win32
		{39280E7B-C35D-4E43-A16A-108B7A3A82D8}.Debug|x86.Build.0 = Debug|Win32
		{39280E7B-C35D-4E43-A16A-108B7A3A82D8}.Release|x64.ActiveCfg = Release|x64
		{39280E7B-C35D-4E43-A16A-108B7A3A82D8}.Release|x64.Build.0 = Release|x64
		{39280E7B-C35D-4E43-A16A-108B7A3A82D8}.Release|x86.ActiveCfg = Release|Win32
		{39280E7B-C35D-4E43-A16A-108B7A3A82D8}.Release|x86.Build.0 = Release|Win32
		{E169BC05-318F-4AEA-9418-E1108A82A835}.Debug|x64.ActiveCfg = Debug|x64
		{E169BC05-318F-4AEA-9418-E1108A82A835}.Debug|x64.Build.0 = Debug|x64
		{E169BC05-318F-4AEA-9418-E1108A82A835}.Debug|x86.ActiveCfg = Debug|Win32
		{E169BC05-318F-4AEA-9418-E1108A82A835}.Debug|x86.Build.0 = Debug|Win32
		{E169BC05-318F-4AEA-9418-E1108A82A835}.Release|x64.ActiveCfg = Release|x64
		{E169BC05-318F-4AEA-9418-E1108A82A835}.Release|x64.Build.0 = Release|x64
		{E169BC05-318F-4AEA-9418-E1108A82A835}.Release|x86.ActiveCfg = Release|Win32
		{E169BC05-318F-4AEA-9418-E1108A82A835}.Release|x86.Build.0 = Release|Win32
	EndGlobalSection
	GlobalSection(SolutionProperties) = preSolution
		HideSolutionNode = FALSE
	EndGlobalSection
	GlobalSection(ExtensibilityGlobals) = postSolution
		SolutionGuid = {95D5471A-618A-40A9-AC7B-DC37A6CE7E1A}
	EndGlobalSection
EndGlobal
