
Microsoft Visual Studio Solution File, Format Version 12.00
# Visual Studio 15
VisualStudioVersion = 15.0.28010.2019
MinimumVisualStudioVersion = 10.0.40219.1
Project("{8BC9CEB8-8B4A-11D0-8D11-00A0C91BC942}") = "019.001.FeiertagsTabelle", "019.001.FeiertagsTabelle\019.001.FeiertagsTabelle.vcxproj", "{0699E8C6-5A0D-4BCB-9460-50DB80F681BC}"
EndProject
Global
	GlobalSection(SolutionConfigurationPlatforms) = preSolution
		Debug|x64 = Debug|x64
		Debug|x86 = Debug|x86
		Release|x64 = Release|x64
		Release|x86 = Release|x86
	EndGlobalSection
	GlobalSection(ProjectConfigurationPlatforms) = postSolution
		{0699E8C6-5A0D-4BCB-9460-50DB80F681BC}.Debug|x64.ActiveCfg = Debug|x64
		{0699E8C6-5A0D-4BCB-9460-50DB80F681BC}.Debug|x64.Build.0 = Debug|x64
		{0699E8C6-5A0D-4BCB-9460-50DB80F681BC}.Debug|x86.ActiveCfg = Debug|Win32
		{0699E8C6-5A0D-4BCB-9460-50DB80F681BC}.Debug|x86.Build.0 = Debug|Win32
		{0699E8C6-5A0D-4BCB-9460-50DB80F681BC}.Release|x64.ActiveCfg = Release|x64
		{0699E8C6-5A0D-4BCB-9460-50DB80F681BC}.Release|x64.Build.0 = Release|x64
		{0699E8C6-5A0D-4BCB-9460-50DB80F681BC}.Release|x86.ActiveCfg = Release|Win32
		{0699E8C6-5A0D-4BCB-9460-50DB80F681BC}.Release|x86.Build.0 = Release|Win32
	EndGlobalSection
	GlobalSection(SolutionProperties) = preSolution
		HideSolutionNode = FALSE
	EndGlobalSection
	GlobalSection(ExtensibilityGlobals) = postSolution
		SolutionGuid = {108573B9-9A66-4287-9C5C-5D6572DA4656}
	EndGlobalSection
EndGlobal
